
Microsoft Visual Studio Solution File, Format Version 12.00
# Visual Studio Version 16
VisualStudioVersion = 16.0.31702.278
MinimumVisualStudioVersion = 10.0.40219.1
Project("{FAE04EC0-301F-11D3-BF4B-00C04F79EFBC}") = "AugustosFashion", "AugustosFashion\AugustosFashion.csproj", "{64E27033-1481-44D1-85E7-6CA31C258FFF}"
EndProject
Global
	GlobalSection(SolutionConfigurationPlatforms) = preSolution
		Debug|Any CPU = Debug|Any CPU
		Release|Any CPU = Release|Any CPU
	EndGlobalSection
	GlobalSection(ProjectConfigurationPlatforms) = postSolution
		{64E27033-1481-44D1-85E7-6CA31C258FFF}.Debug|Any CPU.ActiveCfg = Debug|Any CPU
		{64E27033-1481-44D1-85E7-6CA31C258FFF}.Debug|Any CPU.Build.0 = Debug|Any CPU
		{64E27033-1481-44D1-85E7-6CA31C258FFF}.Release|Any CPU.ActiveCfg = Release|Any CPU
		{64E27033-1481-44D1-85E7-6CA31C258FFF}.Release|Any CPU.Build.0 = Release|Any CPU
	EndGlobalSection
	GlobalSection(SolutionProperties) = preSolution
		HideSolutionNode = FALSE
	EndGlobalSection
	GlobalSection(ExtensibilityGlobals) = postSolution
		SolutionGuid = {D83CAAA8-81D3-46B1-BBB2-75C6F820C09F}
	EndGlobalSection
EndGlobal
